{
    "name": "bg-ui-font-sizer",
    "version": "0.2.0",
    "lockfileVersion": 1,
    "requires": true,
    "dependencies": {
        "bg-atom-redom-ui": {
            "version": "1.1.0",
            "requires": {
                "lodash.clone": "^4.5.0",
                "lodash.clonedeep": "^4.5.0",
                "redom": "^3.24.2"
            },
            "dependencies": {
                "lodash.clone": {
                    "version": "4.5.0",
                    "bundled": true
                },
                "lodash.clonedeep": {
                    "version": "4.5.0",
                    "bundled": true
                },
                "redom": {
                    "version": "3.25.1",
                    "bundled": true
                }
            }
        },
        "bg-atom-utils": {
            "version": "1.1.0",
            "requires": {
                "redom": "^3.24.2"
            },
            "dependencies": {
                "redom": {
                    "version": "3.24.2",
                    "bundled": true
                }
            }
        },
        "redom": {
            "version": "3.25.1",
            "resolved": "https://registry.npmjs.org/redom/-/redom-3.25.1.tgz",
            "integrity": "sha512-NSomVzF6XUlZA2hlRnHUe9OQPCrZKMM4hP+L6o917HdR8e2w5iB6dI/gXwP2jlIdjMjMiq/PaPKUiwGIdi3RJw=="
        }
    }
}
